
Microsoft Visual Studio Solution File, Format Version 12.00
# Visual Studio Version 17
VisualStudioVersion = 17.7.34024.191
MinimumVisualStudioVersion = 10.0.40219.1
Project("{FAE04EC0-301F-11D3-BF4B-00C04F79EFBC}") = "Ishita 3ConsoleApp1", "Ishita 3ConsoleApp1\Ishita 3ConsoleApp1.csproj", "{AE96618A-2507-46ED-9155-DB7872F89A27}"
EndProject
Global
	GlobalSection(SolutionConfigurationPlatforms) = preSolution
		Debug|Any CPU = Debug|Any CPU
		Release|Any CPU = Release|Any CPU
	EndGlobalSection
	GlobalSection(ProjectConfigurationPlatforms) = postSolution
		{AE96618A-2507-46ED-9155-DB7872F89A27}.Debug|Any CPU.ActiveCfg = Debug|Any CPU
		{AE96618A-2507-46ED-9155-DB7872F89A27}.Debug|Any CPU.Build.0 = Debug|Any CPU
		{AE96618A-2507-46ED-9155-DB7872F89A27}.Release|Any CPU.ActiveCfg = Release|Any CPU
		{AE96618A-2507-46ED-9155-DB7872F89A27}.Release|Any CPU.Build.0 = Release|Any CPU
	EndGlobalSection
	GlobalSection(SolutionProperties) = preSolution
		HideSolutionNode = FALSE
	EndGlobalSection
	GlobalSection(ExtensibilityGlobals) = postSolution
		SolutionGuid = {62EA26C9-BE6C-4383-AA91-EFFF22A2E58C}
	EndGlobalSection
EndGlobal
